
Microsoft Visual Studio Solution File, Format Version 12.00
# Visual Studio Version 16
VisualStudioVersion = 16.0.31321.278
MinimumVisualStudioVersion = 10.0.40219.1
Project("{FAE04EC0-301F-11D3-BF4B-00C04F79EFBC}") = "HRManagementSystem", "HRManagementSystem.csproj", "{D0661616-205C-4B7C-8334-0FC544326CC2}"
EndProject
Global
	GlobalSection(SolutionConfigurationPlatforms) = preSolution
		Debug|Any CPU = Debug|Any CPU
		Release|Any CPU = Release|Any CPU
	EndGlobalSection
	GlobalSection(ProjectConfigurationPlatforms) = postSolution
		{D0661616-205C-4B7C-8334-0FC544326CC2}.Debug|Any CPU.ActiveCfg = Debug|Any CPU
		{D0661616-205C-4B7C-8334-0FC544326CC2}.Debug|Any CPU.Build.0 = Debug|Any CPU
		{D0661616-205C-4B7C-8334-0FC544326CC2}.Release|Any CPU.ActiveCfg = Release|Any CPU
		{D0661616-205C-4B7C-8334-0FC544326CC2}.Release|Any CPU.Build.0 = Release|Any CPU
	EndGlobalSection
	GlobalSection(SolutionProperties) = preSolution
		HideSolutionNode = FALSE
	EndGlobalSection
	GlobalSection(ExtensibilityGlobals) = postSolution
		SolutionGuid = {CC8E02BE-F4FB-418E-8E94-9D75FA2CB900}
	EndGlobalSection
EndGlobal
